
Microsoft Visual Studio Solution File, Format Version 12.00
# Visual Studio Version 17
VisualStudioVersion = 17.0.31903.59
MinimumVisualStudioVersion = 10.0.40219.1
Project("{2150E333-8FDC-42A3-9474-1A3956D46DE8}") = "src", "src", "{AA345CB0-788D-4A89-9235-7AF11D715202}"
EndProject
Project("{FAE04EC0-301F-11D3-BF4B-00C04F79EFBC}") = "GestionarSarcini.Core", "src\GestionarSarcini.Core\GestionarSarcini.Core.csproj", "{1C11BA1C-F75A-4213-BB87-1DD3DC4E9C8F}"
EndProject
Project("{FAE04EC0-301F-11D3-BF4B-00C04F79EFBC}") = "GestionarSarcini", "src\GestionarSarcini\GestionarSarcini.csproj", "{C5D93552-CD61-473E-9A06-E29CE16D7A7A}"
EndProject
Project("{2150E333-8FDC-42A3-9474-1A3956D46DE8}") = "tests", "tests", "{BA3A2DAE-8C67-45B7-9434-B2572F86F5C1}"
EndProject
Project("{FAE04EC0-301F-11D3-BF4B-00C04F79EFBC}") = "GestionarSarcini.Tests", "tests\GestionarSarcini.Tests\GestionarSarcini.Tests.csproj", "{E42296B5-34F7-4DFD-87A6-A343D0D368AA}"
EndProject
Global
	GlobalSection(SolutionConfigurationPlatforms) = preSolution
		Debug|Any CPU = Debug|Any CPU
		Release|Any CPU = Release|Any CPU
	EndGlobalSection
	GlobalSection(SolutionProperties) = preSolution
		HideSolutionNode = FALSE
	EndGlobalSection
	GlobalSection(ProjectConfigurationPlatforms) = postSolution
		{1C11BA1C-F75A-4213-BB87-1DD3DC4E9C8F}.Debug|Any CPU.ActiveCfg = Debug|Any CPU
		{1C11BA1C-F75A-4213-BB87-1DD3DC4E9C8F}.Debug|Any CPU.Build.0 = Debug|Any CPU
		{1C11BA1C-F75A-4213-BB87-1DD3DC4E9C8F}.Release|Any CPU.ActiveCfg = Release|Any CPU
		{1C11BA1C-F75A-4213-BB87-1DD3DC4E9C8F}.Release|Any CPU.Build.0 = Release|Any CPU
		{C5D93552-CD61-473E-9A06-E29CE16D7A7A}.Debug|Any CPU.ActiveCfg = Debug|Any CPU
		{C5D93552-CD61-473E-9A06-E29CE16D7A7A}.Debug|Any CPU.Build.0 = Debug|Any CPU
		{C5D93552-CD61-473E-9A06-E29CE16D7A7A}.Release|Any CPU.ActiveCfg = Release|Any CPU
		{C5D93552-CD61-473E-9A06-E29CE16D7A7A}.Release|Any CPU.Build.0 = Release|Any CPU
		{E42296B5-34F7-4DFD-87A6-A343D0D368AA}.Debug|Any CPU.ActiveCfg = Debug|Any CPU
		{E42296B5-34F7-4DFD-87A6-A343D0D368AA}.Debug|Any CPU.Build.0 = Debug|Any CPU
		{E42296B5-34F7-4DFD-87A6-A343D0D368AA}.Release|Any CPU.ActiveCfg = Release|Any CPU
		{E42296B5-34F7-4DFD-87A6-A343D0D368AA}.Release|Any CPU.Build.0 = Release|Any CPU
	EndGlobalSection
	GlobalSection(NestedProjects) = preSolution
		{1C11BA1C-F75A-4213-BB87-1DD3DC4E9C8F} = {AA345CB0-788D-4A89-9235-7AF11D715202}
		{C5D93552-CD61-473E-9A06-E29CE16D7A7A} = {AA345CB0-788D-4A89-9235-7AF11D715202}
		{E42296B5-34F7-4DFD-87A6-A343D0D368AA} = {BA3A2DAE-8C67-45B7-9434-B2572F86F5C1}
	EndGlobalSection
EndGlobal
